
Microsoft Visual Studio Solution File, Format Version 12.00
# Visual Studio 15
VisualStudioVersion = 15.0.26228.9
MinimumVisualStudioVersion = 10.0.40219.1
Project("{FAE04EC0-301F-11D3-BF4B-00C04F79EFBC}") = "GrubBuddy.Api", "GrubBuddy.Api\GrubBuddy.Api.csproj", "{3F178FBA-DA1B-4158-97AA-866F6DA363B4}"
EndProject
Project("{FAE04EC0-301F-11D3-BF4B-00C04F79EFBC}") = "GrubBuddy", "GrubBuddy\GrubBuddy.csproj", "{C3DF16FA-308E-4085-A073-41C24586EC5A}"
EndProject
Project("{FAE04EC0-301F-11D3-BF4B-00C04F79EFBC}") = "GrubBuddy.Tests", "GrubBuddy.Tests\GrubBuddy.Tests.csproj", "{FE52D71B-1A02-4D8E-8C26-D39FFA4CB0D8}"
EndProject
Global
	GlobalSection(SolutionConfigurationPlatforms) = preSolution
		Debug|Any CPU = Debug|Any CPU
		Release|Any CPU = Release|Any CPU
	EndGlobalSection
	GlobalSection(ProjectConfigurationPlatforms) = postSolution
		{3F178FBA-DA1B-4158-97AA-866F6DA363B4}.Debug|Any CPU.ActiveCfg = Debug|Any CPU
		{3F178FBA-DA1B-4158-97AA-866F6DA363B4}.Debug|Any CPU.Build.0 = Debug|Any CPU
		{3F178FBA-DA1B-4158-97AA-866F6DA363B4}.Release|Any CPU.ActiveCfg = Release|Any CPU
		{3F178FBA-DA1B-4158-97AA-866F6DA363B4}.Release|Any CPU.Build.0 = Release|Any CPU
		{C3DF16FA-308E-4085-A073-41C24586EC5A}.Debug|Any CPU.ActiveCfg = Debug|Any CPU
		{C3DF16FA-308E-4085-A073-41C24586EC5A}.Debug|Any CPU.Build.0 = Debug|Any CPU
		{C3DF16FA-308E-4085-A073-41C24586EC5A}.Release|Any CPU.ActiveCfg = Release|Any CPU
		{C3DF16FA-308E-4085-A073-41C24586EC5A}.Release|Any CPU.Build.0 = Release|Any CPU
		{FE52D71B-1A02-4D8E-8C26-D39FFA4CB0D8}.Debug|Any CPU.ActiveCfg = Debug|Any CPU
		{FE52D71B-1A02-4D8E-8C26-D39FFA4CB0D8}.Debug|Any CPU.Build.0 = Debug|Any CPU
		{FE52D71B-1A02-4D8E-8C26-D39FFA4CB0D8}.Release|Any CPU.ActiveCfg = Release|Any CPU
		{FE52D71B-1A02-4D8E-8C26-D39FFA4CB0D8}.Release|Any CPU.Build.0 = Release|Any CPU
	EndGlobalSection
	GlobalSection(SolutionProperties) = preSolution
		HideSolutionNode = FALSE
	EndGlobalSection
EndGlobal
